
Microsoft Visual Studio Solution File, Format Version 12.00
# Visual Studio 2012
Project("{FAE04EC0-301F-11D3-BF4B-00C04F79EFBC}") = "Charmed.Sample.Win8", "Charmed.Sample.Win8\Charmed.Sample.Win8.csproj", "{FC0130F4-041E-4D30-AAEC-EB69369CB2D9}"
EndProject
Project("{FAE04EC0-301F-11D3-BF4B-00C04F79EFBC}") = "Charmed.Win8", "Charmed.Win8\Charmed.Win8.csproj", "{E423AE6F-29BC-465F-B0AE-844EE663EA7E}"
EndProject
Project("{FAE04EC0-301F-11D3-BF4B-00C04F79EFBC}") = "Charmed.Win8.Tests", "Charmed.Win8.Tests\Charmed.Win8.Tests.csproj", "{AECC3440-A08B-4EF6-99C7-9B9E84AA76A0}"
EndProject
Project("{FAE04EC0-301F-11D3-BF4B-00C04F79EFBC}") = "Charmed.Sample.Win8.Tests", "Charmed.Sample.Win8.Tests\Charmed.Sample.Win8.Tests.csproj", "{CE4E18EB-9175-403C-A2CE-18DF64C32E45}"
EndProject
Global
	GlobalSection(SolutionConfigurationPlatforms) = preSolution
		Debug|Any CPU = Debug|Any CPU
		Debug|ARM = Debug|ARM
		Debug|x64 = Debug|x64
		Debug|x86 = Debug|x86
		Release|Any CPU = Release|Any CPU
		Release|ARM = Release|ARM
		Release|x64 = Release|x64
		Release|x86 = Release|x86
	EndGlobalSection
	GlobalSection(ProjectConfigurationPlatforms) = postSolution
		{FC0130F4-041E-4D30-AAEC-EB69369CB2D9}.Debug|Any CPU.ActiveCfg = Debug|Any CPU
		{FC0130F4-041E-4D30-AAEC-EB69369CB2D9}.Debug|Any CPU.Build.0 = Debug|Any CPU
		{FC0130F4-041E-4D30-AAEC-EB69369CB2D9}.Debug|Any CPU.Deploy.0 = Debug|Any CPU
		{FC0130F4-041E-4D30-AAEC-EB69369CB2D9}.Debug|ARM.ActiveCfg = Debug|ARM
		{FC0130F4-041E-4D30-AAEC-EB69369CB2D9}.Debug|ARM.Build.0 = Debug|ARM
		{FC0130F4-041E-4D30-AAEC-EB69369CB2D9}.Debug|ARM.Deploy.0 = Debug|ARM
		{FC0130F4-041E-4D30-AAEC-EB69369CB2D9}.Debug|x64.ActiveCfg = Debug|x64
		{FC0130F4-041E-4D30-AAEC-EB69369CB2D9}.Debug|x64.Build.0 = Debug|x64
		{FC0130F4-041E-4D30-AAEC-EB69369CB2D9}.Debug|x64.Deploy.0 = Debug|x64
		{FC0130F4-041E-4D30-AAEC-EB69369CB2D9}.Debug|x86.ActiveCfg = Debug|x86
		{FC0130F4-041E-4D30-AAEC-EB69369CB2D9}.Debug|x86.Build.0 = Debug|x86
		{FC0130F4-041E-4D30-AAEC-EB69369CB2D9}.Debug|x86.Deploy.0 = Debug|x86
		{FC0130F4-041E-4D30-AAEC-EB69369CB2D9}.Release|Any CPU.ActiveCfg = Release|Any CPU
		{FC0130F4-041E-4D30-AAEC-EB69369CB2D9}.Release|Any CPU.Build.0 = Release|Any CPU
		{FC0130F4-041E-4D30-AAEC-EB69369CB2D9}.Release|Any CPU.Deploy.0 = Release|Any CPU
		{FC0130F4-041E-4D30-AAEC-EB69369CB2D9}.Release|ARM.ActiveCfg = Release|ARM
		{FC0130F4-041E-4D30-AAEC-EB69369CB2D9}.Release|ARM.Build.0 = Release|ARM
		{FC0130F4-041E-4D30-AAEC-EB69369CB2D9}.Release|ARM.Deploy.0 = Release|ARM
		{FC0130F4-041E-4D30-AAEC-EB69369CB2D9}.Release|x64.ActiveCfg = Release|x64
		{FC0130F4-041E-4D30-AAEC-EB69369CB2D9}.Release|x64.Build.0 = Release|x64
		{FC0130F4-041E-4D30-AAEC-EB69369CB2D9}.Release|x64.Deploy.0 = Release|x64
		{FC0130F4-041E-4D30-AAEC-EB69369CB2D9}.Release|x86.ActiveCfg = Release|x86
		{FC0130F4-041E-4D30-AAEC-EB69369CB2D9}.Release|x86.Build.0 = Release|x86
		{FC0130F4-041E-4D30-AAEC-EB69369CB2D9}.Release|x86.Deploy.0 = Release|x86
		{E423AE6F-29BC-465F-B0AE-844EE663EA7E}.Debug|Any CPU.ActiveCfg = Debug|Any CPU
		{E423AE6F-29BC-465F-B0AE-844EE663EA7E}.Debug|Any CPU.Build.0 = Debug|Any CPU
		{E423AE6F-29BC-465F-B0AE-844EE663EA7E}.Debug|ARM.ActiveCfg = Debug|ARM
		{E423AE6F-29BC-465F-B0AE-844EE663EA7E}.Debug|ARM.Build.0 = Debug|ARM
		{E423AE6F-29BC-465F-B0AE-844EE663EA7E}.Debug|x64.ActiveCfg = Debug|x64
		{E423AE6F-29BC-465F-B0AE-844EE663EA7E}.Debug|x64.Build.0 = Debug|x64
		{E423AE6F-29BC-465F-B0AE-844EE663EA7E}.Debug|x86.ActiveCfg = Debug|x86
		{E423AE6F-29BC-465F-B0AE-844EE663EA7E}.Debug|x86.Build.0 = Debug|x86
		{E423AE6F-29BC-465F-B0AE-844EE663EA7E}.Release|Any CPU.ActiveCfg = Release|Any CPU
		{E423AE6F-29BC-465F-B0AE-844EE663EA7E}.Release|Any CPU.Build.0 = Release|Any CPU
		{E423AE6F-29BC-465F-B0AE-844EE663EA7E}.Release|ARM.ActiveCfg = Release|ARM
		{E423AE6F-29BC-465F-B0AE-844EE663EA7E}.Release|ARM.Build.0 = Release|ARM
		{E423AE6F-29BC-465F-B0AE-844EE663EA7E}.Release|x64.ActiveCfg = Release|x64
		{E423AE6F-29BC-465F-B0AE-844EE663EA7E}.Release|x64.Build.0 = Release|x64
		{E423AE6F-29BC-465F-B0AE-844EE663EA7E}.Release|x86.ActiveCfg = Release|x86
		{E423AE6F-29BC-465F-B0AE-844EE663EA7E}.Release|x86.Build.0 = Release|x86
		{AECC3440-A08B-4EF6-99C7-9B9E84AA76A0}.Debug|Any CPU.ActiveCfg = Debug|Any CPU
		{AECC3440-A08B-4EF6-99C7-9B9E84AA76A0}.Debug|Any CPU.Build.0 = Debug|Any CPU
		{AECC3440-A08B-4EF6-99C7-9B9E84AA76A0}.Debug|Any CPU.Deploy.0 = Debug|Any CPU
		{AECC3440-A08B-4EF6-99C7-9B9E84AA76A0}.Debug|ARM.ActiveCfg = Debug|ARM
		{AECC3440-A08B-4EF6-99C7-9B9E84AA76A0}.Debug|ARM.Build.0 = Debug|ARM
		{AECC3440-A08B-4EF6-99C7-9B9E84AA76A0}.Debug|ARM.Deploy.0 = Debug|ARM
		{AECC3440-A08B-4EF6-99C7-9B9E84AA76A0}.Debug|x64.ActiveCfg = Debug|x64
		{AECC3440-A08B-4EF6-99C7-9B9E84AA76A0}.Debug|x64.Build.0 = Debug|x64
		{AECC3440-A08B-4EF6-99C7-9B9E84AA76A0}.Debug|x64.Deploy.0 = Debug|x64
		{AECC3440-A08B-4EF6-99C7-9B9E84AA76A0}.Debug|x86.ActiveCfg = Debug|x86
		{AECC3440-A08B-4EF6-99C7-9B9E84AA76A0}.Debug|x86.Build.0 = Debug|x86
		{AECC3440-A08B-4EF6-99C7-9B9E84AA76A0}.Debug|x86.Deploy.0 = Debug|x86
		{AECC3440-A08B-4EF6-99C7-9B9E84AA76A0}.Release|Any CPU.ActiveCfg = Release|Any CPU
		{AECC3440-A08B-4EF6-99C7-9B9E84AA76A0}.Release|Any CPU.Build.0 = Release|Any CPU
		{AECC3440-A08B-4EF6-99C7-9B9E84AA76A0}.Release|Any CPU.Deploy.0 = Release|Any CPU
		{AECC3440-A08B-4EF6-99C7-9B9E84AA76A0}.Release|ARM.ActiveCfg = Release|ARM
		{AECC3440-A08B-4EF6-99C7-9B9E84AA76A0}.Release|ARM.Build.0 = Release|ARM
		{AECC3440-A08B-4EF6-99C7-9B9E84AA76A0}.Release|ARM.Deploy.0 = Release|ARM
		{AECC3440-A08B-4EF6-99C7-9B9E84AA76A0}.Release|x64.ActiveCfg = Release|x64
		{AECC3440-A08B-4EF6-99C7-9B9E84AA76A0}.Release|x64.Build.0 = Release|x64
		{AECC3440-A08B-4EF6-99C7-9B9E84AA76A0}.Release|x64.Deploy.0 = Release|x64
		{AECC3440-A08B-4EF6-99C7-9B9E84AA76A0}.Release|x86.ActiveCfg = Release|x86
		{AECC3440-A08B-4EF6-99C7-9B9E84AA76A0}.Release|x86.Build.0 = Release|x86
		{AECC3440-A08B-4EF6-99C7-9B9E84AA76A0}.Release|x86.Deploy.0 = Release|x86
		{CE4E18EB-9175-403C-A2CE-18DF64C32E45}.Debug|Any CPU.ActiveCfg = Debug|Any CPU
		{CE4E18EB-9175-403C-A2CE-18DF64C32E45}.Debug|Any CPU.Build.0 = Debug|Any CPU
		{CE4E18EB-9175-403C-A2CE-18DF64C32E45}.Debug|Any CPU.Deploy.0 = Debug|Any CPU
		{CE4E18EB-9175-403C-A2CE-18DF64C32E45}.Debug|ARM.ActiveCfg = Debug|ARM
		{CE4E18EB-9175-403C-A2CE-18DF64C32E45}.Debug|ARM.Build.0 = Debug|ARM
		{CE4E18EB-9175-403C-A2CE-18DF64C32E45}.Debug|ARM.Deploy.0 = Debug|ARM
		{CE4E18EB-9175-403C-A2CE-18DF64C32E45}.Debug|x64.ActiveCfg = Debug|x64
		{CE4E18EB-9175-403C-A2CE-18DF64C32E45}.Debug|x64.Build.0 = Debug|x64
		{CE4E18EB-9175-403C-A2CE-18DF64C32E45}.Debug|x64.Deploy.0 = Debug|x64
		{CE4E18EB-9175-403C-A2CE-18DF64C32E45}.Debug|x86.ActiveCfg = Debug|x86
		{CE4E18EB-9175-403C-A2CE-18DF64C32E45}.Debug|x86.Build.0 = Debug|x86
		{CE4E18EB-9175-403C-A2CE-18DF64C32E45}.Debug|x86.Deploy.0 = Debug|x86
		{CE4E18EB-9175-403C-A2CE-18DF64C32E45}.Release|Any CPU.ActiveCfg = Release|Any CPU
		{CE4E18EB-9175-403C-A2CE-18DF64C32E45}.Release|Any CPU.Build.0 = Release|Any CPU
		{CE4E18EB-9175-403C-A2CE-18DF64C32E45}.Release|Any CPU.Deploy.0 = Release|Any CPU
		{CE4E18EB-9175-403C-A2CE-18DF64C32E45}.Release|ARM.ActiveCfg = Release|ARM
		{CE4E18EB-9175-403C-A2CE-18DF64C32E45}.Release|ARM.Build.0 = Release|ARM
		{CE4E18EB-9175-403C-A2CE-18DF64C32E45}.Release|ARM.Deploy.0 = Release|ARM
		{CE4E18EB-9175-403C-A2CE-18DF64C32E45}.Release|x64.ActiveCfg = Release|x64
		{CE4E18EB-9175-403C-A2CE-18DF64C32E45}.Release|x64.Build.0 = Release|x64
		{CE4E18EB-9175-403C-A2CE-18DF64C32E45}.Release|x64.Deploy.0 = Release|x64
		{CE4E18EB-9175-403C-A2CE-18DF64C32E45}.Release|x86.ActiveCfg = Release|x86
		{CE4E18EB-9175-403C-A2CE-18DF64C32E45}.Release|x86.Build.0 = Release|x86
		{CE4E18EB-9175-403C-A2CE-18DF64C32E45}.Release|x86.Deploy.0 = Release|x86
	EndGlobalSection
	GlobalSection(SolutionProperties) = preSolution
		HideSolutionNode = FALSE
	EndGlobalSection
EndGlobal
